
Microsoft Visual Studio Solution File, Format Version 12.00
# Visual Studio Version 17
VisualStudioVersion = 17.9.34728.123
MinimumVisualStudioVersion = 10.0.40219.1
Project("{FAE04EC0-301F-11D3-BF4B-00C04F79EFBC}") = "file-sharing", "file-sharing.csproj", "{D778F3B4-30D5-42DF-BA7D-4BEE2AB8B28F}"
EndProject
Global
	GlobalSection(SolutionConfigurationPlatforms) = preSolution
		Debug|Any CPU = Debug|Any CPU
		Release|Any CPU = Release|Any CPU
	EndGlobalSection
	GlobalSection(ProjectConfigurationPlatforms) = postSolution
		{D778F3B4-30D5-42DF-BA7D-4BEE2AB8B28F}.Debug|Any CPU.ActiveCfg = Debug|Any CPU
		{D778F3B4-30D5-42DF-BA7D-4BEE2AB8B28F}.Debug|Any CPU.Build.0 = Debug|Any CPU
		{D778F3B4-30D5-42DF-BA7D-4BEE2AB8B28F}.Release|Any CPU.ActiveCfg = Release|Any CPU
		{D778F3B4-30D5-42DF-BA7D-4BEE2AB8B28F}.Release|Any CPU.Build.0 = Release|Any CPU
	EndGlobalSection
	GlobalSection(SolutionProperties) = preSolution
		HideSolutionNode = FALSE
	EndGlobalSection
	GlobalSection(ExtensibilityGlobals) = postSolution
		SolutionGuid = {66A8DDD6-1DD6-4C63-9B27-5A86BC8476C2}
	EndGlobalSection
EndGlobal
